
Microsoft Visual Studio Solution File, Format Version 12.00
# Visual Studio Version 16
VisualStudioVersion = 16.0.31410.357
MinimumVisualStudioVersion = 10.0.40219.1
Project("{FAE04EC0-301F-11D3-BF4B-00C04F79EFBC}") = "OnlineEShop", "OnlineEShop\OnlineEShop.csproj", "{B14F618A-3DE6-478B-93DE-50B831B6BA68}"
EndProject
Global
	GlobalSection(SolutionConfigurationPlatforms) = preSolution
		Debug|Any CPU = Debug|Any CPU
		Release|Any CPU = Release|Any CPU
	EndGlobalSection
	GlobalSection(ProjectConfigurationPlatforms) = postSolution
		{B14F618A-3DE6-478B-93DE-50B831B6BA68}.Debug|Any CPU.ActiveCfg = Debug|Any CPU
		{B14F618A-3DE6-478B-93DE-50B831B6BA68}.Debug|Any CPU.Build.0 = Debug|Any CPU
		{B14F618A-3DE6-478B-93DE-50B831B6BA68}.Release|Any CPU.ActiveCfg = Release|Any CPU
		{B14F618A-3DE6-478B-93DE-50B831B6BA68}.Release|Any CPU.Build.0 = Release|Any CPU
	EndGlobalSection
	GlobalSection(SolutionProperties) = preSolution
		HideSolutionNode = FALSE
	EndGlobalSection
	GlobalSection(ExtensibilityGlobals) = postSolution
		SolutionGuid = {9EB05263-2547-45BB-8200-43A88FBE9E41}
	EndGlobalSection
EndGlobal
